// !$*UTF8*$!
{
	archiveVersion = 1;
	classes = {
	};
	objectVersion = 50;
	objects = {

/* Begin PBXBuildFile section */
		121925A6A4D98FAC4E51FEC5 /* Pods_tumbly.framework in Frameworks */ = {isa = PBXBuildFile; fileRef = 56276DFC97EAD3DFE98E9A42 /* Pods_tumbly.framework */; };
		4A01366E7921CEA064B065ED /* Pods_tumblyTests.framework in Frameworks */ = {isa = PBXBuildFile; fileRef = 3A2FFBE0B76B308EE4E7AFD6 /* Pods_tumblyTests.framework */; };
		DA37B4273257BB5C1C2D8D5B /* Pods_tumblyUITests.framework in Frameworks */ = {isa = PBXBuildFile; fileRef = 4B1FF9B39C4579B127962DD2 /* Pods_tumblyUITests.framework */; };
		E60DC32B215EAA5A00D8C64B /* AppDelegate.swift in Sources */ = {isa = PBXBuildFile; fileRef = E60DC32A215EAA5A00D8C64B /* AppDelegate.swift */; };
		E60DC330215EAA5A00D8C64B /* Main.storyboard in Resources */ = {isa = PBXBuildFile; fileRef = E60DC32E215EAA5A00D8C64B /* Main.storyboard */; };
		E60DC335215EAA5A00D8C64B /* LaunchScreen.storyboard in Resources */ = {isa = PBXBuildFile; fileRef = E60DC333215EAA5A00D8C64B /* LaunchScreen.storyboard */; };
		E60DC340215EAA5B00D8C64B /* tumblyTests.swift in Sources */ = {isa = PBXBuildFile; fileRef = E60DC33F215EAA5B00D8C64B /* tumblyTests.swift */; };
		E60DC34B215EAA5B00D8C64B /* tumblyUITests.swift in Sources */ = {isa = PBXBuildFile; fileRef = E60DC34A215EAA5B00D8C64B /* tumblyUITests.swift */; };
		E60DC35E215EBC6F00D8C64B /* Assets.xcassets in Resources */ = {isa = PBXBuildFile; fileRef = E60DC35D215EBC6F00D8C64B /* Assets.xcassets */; };
		E60DC360215EBFA800D8C64B /* PhotosViewController.swift in Sources */ = {isa = PBXBuildFile; fileRef = E60DC35F215EBFA800D8C64B /* PhotosViewController.swift */; };
/* End PBXBuildFile section */

/* Begin PBXContainerItemProxy section */
		E60DC33C215EAA5A00D8C64B /* PBXContainerItemProxy */ = {
			isa = PBXContainerItemProxy;
			containerPortal = E60DC31F215EAA5A00D8C64B /* Project object */;
			proxyType = 1;
			remoteGlobalIDString = E60DC326215EAA5A00D8C64B;
			remoteInfo = tumbly;
		};
		E60DC347215EAA5B00D8C64B /* PBXContainerItemProxy */ = {
			isa = PBXContainerItemProxy;
			containerPortal = E60DC31F215EAA5A00D8C64B /* Project object */;
			proxyType = 1;
			remoteGlobalIDString = E60DC326215EAA5A00D8C64B;
			remoteInfo = tumbly;
		};
/* End PBXContainerItemProxy section */

/* Begin PBXFileReference section */
		199C20720251F6C0B1FE2E2B /* Pods-tumblyTests.release.xcconfig */ = {isa = PBXFileReference; includeInIndex = 1; lastKnownFileType = text.xcconfig; name = "Pods-tumblyTests.release.xcconfig"; path = "Pods/Target Support Files/Pods-tumblyTests/Pods-tumblyTests.release.xcconfig"; sourceTree = "<group>"; };
		3A2FFBE0B76B308EE4E7AFD6 /* Pods_tumblyTests.framework */ = {isa = PBXFileReference; explicitFileType = wrapper.framework; includeInIndex = 0; path = Pods_tumblyTests.framework; sourceTree = BUILT_PRODUCTS_DIR; };
		4B1FF9B39C4579B127962DD2 /* Pods_tumblyUITests.framework */ = {isa = PBXFileReference; explicitFileType = wrapper.framework; includeInIndex = 0; path = Pods_tumblyUITests.framework; sourceTree = BUILT_PRODUCTS_DIR; };
		4D96C9B977A5044BA8B26A6A /* Pods-tumblyUITests.release.xcconfig */ = {isa = PBXFileReference; includeInIndex = 1; lastKnownFileType = text.xcconfig; name = "Pods-tumblyUITests.release.xcconfig"; path = "Pods/Target Support Files/Pods-tumblyUITests/Pods-tumblyUITests.release.xcconfig"; sourceTree = "<group>"; };
		557BD26C15807CFFC3B64C7E /* Pods-tumbly.release.xcconfig */ = {isa = PBXFileReference; includeInIndex = 1; lastKnownFileType = text.xcconfig; name = "Pods-tumbly.release.xcconfig"; path = "Pods/Target Support Files/Pods-tumbly/Pods-tumbly.release.xcconfig"; sourceTree = "<group>"; };
		56276DFC97EAD3DFE98E9A42 /* Pods_tumbly.framework */ = {isa = PBXFileReference; explicitFileType = wrapper.framework; includeInIndex = 0; path = Pods_tumbly.framework; sourceTree = BUILT_PRODUCTS_DIR; };
		630942F8B5023919341D226D /* Pods-tumbly.debug.xcconfig */ = {isa = PBXFileReference; includeInIndex = 1; lastKnownFileType = text.xcconfig; name = "Pods-tumbly.debug.xcconfig"; path = "Pods/Target Support Files/Pods-tumbly/Pods-tumbly.debug.xcconfig"; sourceTree = "<group>"; };
		7EA0531856E774C8EE7423B7 /* Pods-tumblyTests.debug.xcconfig */ = {isa = PBXFileReference; includeInIndex = 1; lastKnownFileType = text.xcconfig; name = "Pods-tumblyTests.debug.xcconfig"; path = "Pods/Target Support Files/Pods-tumblyTests/Pods-tumblyTests.debug.xcconfig"; sourceTree = "<group>"; };
		A63B3587DF49866A962A057A /* Pods-tumblyUITests.debug.xcconfig */ = {isa = PBXFileReference; includeInIndex = 1; lastKnownFileType = text.xcconfig; name = "Pods-tumblyUITests.debug.xcconfig"; path = "Pods/Target Support Files/Pods-tumblyUITests/Pods-tumblyUITests.debug.xcconfig"; sourceTree = "<group>"; };
		E60DC327215EAA5A00D8C64B /* tumbly.app */ = {isa = PBXFileReference; explicitFileType = wrapper.application; includeInIndex = 0; path = tumbly.app; sourceTree = BUILT_PRODUCTS_DIR; };
		E60DC32A215EAA5A00D8C64B /* AppDelegate.swift */ = {isa = PBXFileReference; lastKnownFileType = sourcecode.swift; path = AppDelegate.swift; sourceTree = "<group>"; };
		E60DC32F215EAA5A00D8C64B /* Base */ = {isa = PBXFileReference; lastKnownFileType = file.storyboard; name = Base; path = Base.lproj/Main.storyboard; sourceTree = "<group>"; };
		E60DC334215EAA5A00D8C64B /* Base */ = {isa = PBXFileReference; lastKnownFileType = file.storyboard; name = Base; path = Base.lproj/LaunchScreen.storyboard; sourceTree = "<group>"; };
		E60DC336215EAA5A00D8C64B /* Info.plist */ = {isa = PBXFileReference; lastKnownFileType = text.plist.xml; path = Info.plist; sourceTree = "<group>"; };
		E60DC33B215EAA5A00D8C64B /* tumblyTests.xctest */ = {isa = PBXFileReference; explicitFileType = wrapper.cfbundle; includeInIndex = 0; path = tumblyTests.xctest; sourceTree = BUILT_PRODUCTS_DIR; };
		E60DC33F215EAA5B00D8C64B /* tumblyTests.swift */ = {isa = PBXFileReference; lastKnownFileType = sourcecode.swift; path = tumblyTests.swift; sourceTree = "<group>"; };
		E60DC341215EAA5B00D8C64B /* Info.plist */ = {isa = PBXFileReference; lastKnownFileType = text.plist.xml; path = Info.plist; sourceTree = "<group>"; };
		E60DC346215EAA5B00D8C64B /* tumblyUITests.xctest */ = {isa = PBXFileReference; explicitFileType = wrapper.cfbundle; includeInIndex = 0; path = tumblyUITests.xctest; sourceTree = BUILT_PRODUCTS_DIR; };
		E60DC34A215EAA5B00D8C64B /* tumblyUITests.swift */ = {isa = PBXFileReference; lastKnownFileType = sourcecode.swift; path = tumblyUITests.swift; sourceTree = "<group>"; };
		E60DC34C215EAA5B00D8C64B /* Info.plist */ = {isa = PBXFileReference; lastKnownFileType = text.plist.xml; path = Info.plist; sourceTree = "<group>"; };
		E60DC35D215EBC6F00D8C64B /* Assets.xcassets */ = {isa = PBXFileReference; lastKnownFileType = folder.assetcatalog; name = Assets.xcassets; path = ../../../../.Trash/Assets.xcassets; sourceTree = "<group>"; };
		E60DC35F215EBFA800D8C64B /* PhotosViewController.swift */ = {isa = PBXFileReference; lastKnownFileType = sourcecode.swift; path = PhotosViewController.swift; sourceTree = "<group>"; };
/* End PBXFileReference section */

/* Begin PBXFrameworksBuildPhase section */
		E60DC324215EAA5A00D8C64B /* Frameworks */ = {
			isa = PBXFrameworksBuildPhase;
			buildActionMask = 2147483647;
			files = (
				121925A6A4D98FAC4E51FEC5 /* Pods_tumbly.framework in Frameworks */,
			);
			runOnlyForDeploymentPostprocessing = 0;
		};
		E60DC338215EAA5A00D8C64B /* Frameworks */ = {
			isa = PBXFrameworksBuildPhase;
			buildActionMask = 2147483647;
			files = (
				4A01366E7921CEA064B065ED /* Pods_tumblyTests.framework in Frameworks */,
			);
			runOnlyForDeploymentPostprocessing = 0;
		};
		E60DC343215EAA5B00D8C64B /* Frameworks */ = {
			isa = PBXFrameworksBuildPhase;
			buildActionMask = 2147483647;
			files = (
				DA37B4273257BB5C1C2D8D5B /* Pods_tumblyUITests.framework in Frameworks */,
			);
			runOnlyForDeploymentPostprocessing = 0;
		};
/* End PBXFrameworksBuildPhase section */

/* Begin PBXGroup section */
		403645F743DCE97AB6A20C03 /* Frameworks */ = {
			isa = PBXGroup;
			children = (
				56276DFC97EAD3DFE98E9A42 /* Pods_tumbly.framework */,
				3A2FFBE0B76B308EE4E7AFD6 /* Pods_tumblyTests.framework */,
				4B1FF9B39C4579B127962DD2 /* Pods_tumblyUITests.framework */,
			);
			name = Frameworks;
			sourceTree = "<group>";
		};
		9EBC450DF2E6154A1BE3A7AA /* Pods */ = {
			isa = PBXGroup;
			children = (
				630942F8B5023919341D226D /* Pods-tumbly.debug.xcconfig */,
				557BD26C15807CFFC3B64C7E /* Pods-tumbly.release.xcconfig */,
				7EA0531856E774C8EE7423B7 /* Pods-tumblyTests.debug.xcconfig */,
				199C20720251F6C0B1FE2E2B /* Pods-tumblyTests.release.xcconfig */,
				A63B3587DF49866A962A057A /* Pods-tumblyUITests.debug.xcconfig */,
				4D96C9B977A5044BA8B26A6A /* Pods-tumblyUITests.release.xcconfig */,
			);
			name = Pods;
			sourceTree = "<group>";
		};
		E60DC31E215EAA5A00D8C64B = {
			isa = PBXGroup;
			children = (
				E60DC329215EAA5A00D8C64B /* tumbly */,
				E60DC33E215EAA5B00D8C64B /* tumblyTests */,
				E60DC349215EAA5B00D8C64B /* tumblyUITests */,
				E60DC328215EAA5A00D8C64B /* Products */,
				9EBC450DF2E6154A1BE3A7AA /* Pods */,
				403645F743DCE97AB6A20C03 /* Frameworks */,
			);
			sourceTree = "<group>";
		};
		E60DC328215EAA5A00D8C64B /* Products */ = {
			isa = PBXGroup;
			children = (
				E60DC327215EAA5A00D8C64B /* tumbly.app */,
				E60DC33B215EAA5A00D8C64B /* tumblyTests.xctest */,
				E60DC346215EAA5B00D8C64B /* tumblyUITests.xctest */,
			);
			name = Products;
			sourceTree = "<group>";
		};
		E60DC329215EAA5A00D8C64B /* tumbly */ = {
			isa = PBXGroup;
			children = (
				E60DC35D215EBC6F00D8C64B /* Assets.xcassets */,
				E60DC32A215EAA5A00D8C64B /* AppDelegate.swift */,
				E60DC35F215EBFA800D8C64B /* PhotosViewController.swift */,
				E60DC32E215EAA5A00D8C64B /* Main.storyboard */,
				E60DC333215EAA5A00D8C64B /* LaunchScreen.storyboard */,
				E60DC336215EAA5A00D8C64B /* Info.plist */,
			);
			path = tumbly;
			sourceTree = "<group>";
		};
		E60DC33E215EAA5B00D8C64B /* tumblyTests */ = {
			isa = PBXGroup;
			children = (
				E60DC33F215EAA5B00D8C64B /* tumblyTests.swift */,
				E60DC341215EAA5B00D8C64B /* Info.plist */,
			);
			path = tumblyTests;
			sourceTree = "<group>";
		};
		E60DC349215EAA5B00D8C64B /* tumblyUITests */ = {
			isa = PBXGroup;
			children = (
				E60DC34A215EAA5B00D8C64B /* tumblyUITests.swift */,
				E60DC34C215EAA5B00D8C64B /* Info.plist */,
			);
			path = tumblyUITests;
			sourceTree = "<group>";
		};
/* End PBXGroup section */

/* Begin PBXNativeTarget section */
		E60DC326215EAA5A00D8C64B /* tumbly */ = {
			isa = PBXNativeTarget;
			buildConfigurationList = E60DC34F215EAA5B00D8C64B /* Build configuration list for PBXNativeTarget "tumbly" */;
			buildPhases = (
				DCE91654375669D689ED8E73 /* [CP] Check Pods Manifest.lock */,
				E60DC323215EAA5A00D8C64B /* Sources */,
				E60DC324215EAA5A00D8C64B /* Frameworks */,
				E60DC325215EAA5A00D8C64B /* Resources */,
				699D75DA885AE6B8EDC0052F /* [CP] Embed Pods Frameworks */,
			);
			buildRules = (
			);
			dependencies = (
			);
			name = tumbly;
			productName = tumbly;
			productReference = E60DC327215EAA5A00D8C64B /* tumbly.app */;
			productType = "com.apple.product-type.application";
		};
		E60DC33A215EAA5A00D8C64B /* tumblyTests */ = {
			isa = PBXNativeTarget;
			buildConfigurationList = E60DC352215EAA5B00D8C64B /* Build configuration list for PBXNativeTarget "tumblyTests" */;
			buildPhases = (
				9D687AD85572A81267063BF9 /* [CP] Check Pods Manifest.lock */,
				E60DC337215EAA5A00D8C64B /* Sources */,
				E60DC338215EAA5A00D8C64B /* Frameworks */,
				E60DC339215EAA5A00D8C64B /* Resources */,
			);
			buildRules = (
			);
			dependencies = (
				E60DC33D215EAA5A00D8C64B /* PBXTargetDependency */,
			);
			name = tumblyTests;
			productName = tumblyTests;
			productReference = E60DC33B215EAA5A00D8C64B /* tumblyTests.xctest */;
			productType = "com.apple.product-type.bundle.unit-test";
		};
		E60DC345215EAA5B00D8C64B /* tumblyUITests */ = {
			isa = PBXNativeTarget;
			buildConfigurationList = E60DC355215EAA5B00D8C64B /* Build configuration list for PBXNativeTarget "tumblyUITests" */;
			buildPhases = (
				40A9CF63488036A2651B4931 /* [CP] Check Pods Manifest.lock */,
				E60DC342215EAA5B00D8C64B /* Sources */,
				E60DC343215EAA5B00D8C64B /* Frameworks */,
				E60DC344215EAA5B00D8C64B /* Resources */,
			);
			buildRules = (
			);
			dependencies = (
				E60DC348215EAA5B00D8C64B /* PBXTargetDependency */,
			);
			name = tumblyUITests;
			productName = tumblyUITests;
			productReference = E60DC346215EAA5B00D8C64B /* tumblyUITests.xctest */;
			productType = "com.apple.product-type.bundle.ui-testing";
		};
/* End PBXNativeTarget section */

/* Begin PBXProject section */
		E60DC31F215EAA5A00D8C64B /* Project object */ = {
			isa = PBXProject;
			attributes = {
				LastSwiftUpdateCheck = 1000;
				LastUpgradeCheck = 1000;
				ORGANIZATIONNAME = "Andriana Aivazians";
				TargetAttributes = {
					E60DC326215EAA5A00D8C64B = {
						CreatedOnToolsVersion = 10.0;
					};
					E60DC33A215EAA5A00D8C64B = {
						CreatedOnToolsVersion = 10.0;
						TestTargetID = E60DC326215EAA5A00D8C64B;
					};
					E60DC345215EAA5B00D8C64B = {
						CreatedOnToolsVersion = 10.0;
						TestTargetID = E60DC326215EAA5A00D8C64B;
					};
				};
			};
			buildConfigurationList = E60DC322215EAA5A00D8C64B /* Build configuration list for PBXProject "tumbly" */;
			compatibilityVersion = "Xcode 9.3";
			developmentRegion = en;
			hasScannedForEncodings = 0;
			knownRegions = (
				en,
				Base,
			);
			mainGroup = E60DC31E215EAA5A00D8C64B;
			productRefGroup = E60DC328215EAA5A00D8C64B /* Products */;
			projectDirPath = "";
			projectRoot = "";
			targets = (
				E60DC326215EAA5A00D8C64B /* tumbly */,
				E60DC33A215EAA5A00D8C64B /* tumblyTests */,
				E60DC345215EAA5B00D8C64B /* tumblyUITests */,
			);
		};
/* End PBXProject section */

/* Begin PBXResourcesBuildPhase section */
		E60DC325215EAA5A00D8C64B /* Resources */ = {
			isa = PBXResourcesBuildPhase;
			buildActionMask = 2147483647;
			files = (
				E60DC335215EAA5A00D8C64B /* LaunchScreen.storyboard in Resources */,
				E60DC35E215EBC6F00D8C64B /* Assets.xcassets in Resources */,
				E60DC330215EAA5A00D8C64B /* Main.storyboard in Resources */,
			);
			runOnlyForDeploymentPostprocessing = 0;
		};
		E60DC339215EAA5A00D8C64B /* Resources */ = {
			isa = PBXResourcesBuildPhase;
			buildActionMask = 2147483647;
			files = (
			);
			runOnlyForDeploymentPostprocessing = 0;
		};
		E60DC344215EAA5B00D8C64B /* Resources */ = {
			isa = PBXResourcesBuildPhase;
			buildActionMask = 2147483647;
			files = (
			);
			runOnlyForDeploymentPostprocessing = 0;
		};
/* End PBXResourcesBuildPhase section */

/* Begin PBXShellScriptBuildPhase section */
		40A9CF63488036A2651B4931 /* [CP] Check Pods Manifest.lock */ = {
			isa = PBXShellScriptBuildPhase;
			buildActionMask = 2147483647;
			files = (
			);
			inputFileListPaths = (
			);
			inputPaths = (
				"${PODS_PODFILE_DIR_PATH}/Podfile.lock",
				"${PODS_ROOT}/Manifest.lock",
			);
			name = "[CP] Check Pods Manifest.lock";
			outputFileListPaths = (
			);
			outputPaths = (
				"$(DERIVED_FILE_DIR)/Pods-tumblyUITests-checkManifestLockResult.txt",
			);
			runOnlyForDeploymentPostprocessing = 0;
			shellPath = /bin/sh;
			shellScript = "diff \"${PODS_PODFILE_DIR_PATH}/Podfile.lock\" \"${PODS_ROOT}/Manifest.lock\" > /dev/null\nif [ $? != 0 ] ; then\n    # print error to STDERR\n    echo \"error: The sandbox is not in sync with the Podfile.lock. Run 'pod install' or update your CocoaPods installation.\" >&2\n    exit 1\nfi\n# This output is used by Xcode 'outputs' to avoid re-running this script phase.\necho \"SUCCESS\" > \"${SCRIPT_OUTPUT_FILE_0}\"\n";
			showEnvVarsInLog = 0;
		};
		699D75DA885AE6B8EDC0052F /* [CP] Embed Pods Frameworks */ = {
			isa = PBXShellScriptBuildPhase;
			buildActionMask = 2147483647;
			files = (
			);
			inputFileListPaths = (
			);
			inputPaths = (
				"${SRCROOT}/Pods/Target Support Files/Pods-tumbly/Pods-tumbly-frameworks.sh",
				"${BUILT_PRODUCTS_DIR}/Alamofire/Alamofire.framework",
				"${BUILT_PRODUCTS_DIR}/AlamofireImage/AlamofireImage.framework",
			);
			name = "[CP] Embed Pods Frameworks";
			outputFileListPaths = (
			);
			outputPaths = (
				"${TARGET_BUILD_DIR}/${FRAMEWORKS_FOLDER_PATH}/Alamofire.framework",
				"${TARGET_BUILD_DIR}/${FRAMEWORKS_FOLDER_PATH}/AlamofireImage.framework",
			);
			runOnlyForDeploymentPostprocessing = 0;
			shellPath = /bin/sh;
			shellScript = "\"${SRCROOT}/Pods/Target Support Files/Pods-tumbly/Pods-tumbly-frameworks.sh\"\n";
			showEnvVarsInLog = 0;
		};
		9D687AD85572A81267063BF9 /* [CP] Check Pods Manifest.lock */ = {
			isa = PBXShellScriptBuildPhase;
			buildActionMask = 2147483647;
			files = (
			);
			inputFileListPaths = (
			);
			inputPaths = (
				"${PODS_PODFILE_DIR_PATH}/Podfile.lock",
				"${PODS_ROOT}/Manifest.lock",
			);
			name = "[CP] Check Pods Manifest.lock";
			outputFileListPaths = (
			);
			outputPaths = (
				"$(DERIVED_FILE_DIR)/Pods-tumblyTests-checkManifestLockResult.txt",
			);
			runOnlyForDeploymentPostprocessing = 0;
			shellPath = /bin/sh;
			shellScript = "diff \"${PODS_PODFILE_DIR_PATH}/Podfile.lock\" \"${PODS_ROOT}/Manifest.lock\" > /dev/null\nif [ $? != 0 ] ; then\n    # print error to STDERR\n    echo \"error: The sandbox is not in sync with the Podfile.lock. Run 'pod install' or update your CocoaPods installation.\" >&2\n    exit 1\nfi\n# This output is used by Xcode 'outputs' to avoid re-running this script phase.\necho \"SUCCESS\" > \"${SCRIPT_OUTPUT_FILE_0}\"\n";
			showEnvVarsInLog = 0;
		};
		DCE91654375669D689ED8E73 /* [CP] Check Pods Manifest.lock */ = {
			isa = PBXShellScriptBuildPhase;
			buildActionMask = 2147483647;
			files = (
			);
			inputFileListPaths = (
			);
			inputPaths = (
				"${PODS_PODFILE_DIR_PATH}/Podfile.lock",
				"${PODS_ROOT}/Manifest.lock",
			);
			name = "[CP] Check Pods Manifest.lock";
			outputFileListPaths = (
			);
			outputPaths = (
				"$(DERIVED_FILE_DIR)/Pods-tumbly-checkManifestLockResult.txt",
			);
			runOnlyForDeploymentPostprocessing = 0;
			shellPath = /bin/sh;
			shellScript = "diff \"${PODS_PODFILE_DIR_PATH}/Podfile.lock\" \"${PODS_ROOT}/Manifest.lock\" > /dev/null\nif [ $? != 0 ] ; then\n    # print error to STDERR\n    echo \"error: The sandbox is not in sync with the Podfile.lock. Run 'pod install' or update your CocoaPods installation.\" >&2\n    exit 1\nfi\n# This output is used by Xcode 'outputs' to avoid re-running this script phase.\necho \"SUCCESS\" > \"${SCRIPT_OUTPUT_FILE_0}\"\n";
			showEnvVarsInLog = 0;
		};
/* End PBXShellScriptBuildPhase section */

/* Begin PBXSourcesBuildPhase section */
		E60DC323215EAA5A00D8C64B /* Sources */ = {
			isa = PBXSourcesBuildPhase;
			buildActionMask = 2147483647;
			files = (
				E60DC32B215EAA5A00D8C64B /* AppDelegate.swift in Sources */,
				E60DC360215EBFA800D8C64B /* PhotosViewController.swift in Sources */,
			);
			runOnlyForDeploymentPostprocessing = 0;
		};
		E60DC337215EAA5A00D8C64B /* Sources */ = {
			isa = PBXSourcesBuildPhase;
			buildActionMask = 2147483647;
			files = (
				E60DC340215EAA5B00D8C64B /* tumblyTests.swift in Sources */,
			);
			runOnlyForDeploymentPostprocessing = 0;
		};
		E60DC342215EAA5B00D8C64B /* Sources */ = {
			isa = PBXSourcesBuildPhase;
			buildActionMask = 2147483647;
			files = (
				E60DC34B215EAA5B00D8C64B /* tumblyUITests.swift in Sources */,
			);
			runOnlyForDeploymentPostprocessing = 0;
		};
/* End PBXSourcesBuildPhase section */

/* Begin PBXTargetDependency section */
		E60DC33D215EAA5A00D8C64B /* PBXTargetDependency */ = {
			isa = PBXTargetDependency;
			target = E60DC326215EAA5A00D8C64B /* tumbly */;
			targetProxy = E60DC33C215EAA5A00D8C64B /* PBXContainerItemProxy */;
		};
		E60DC348215EAA5B00D8C64B /* PBXTargetDependency */ = {
			isa = PBXTargetDependency;
			target = E60DC326215EAA5A00D8C64B /* tumbly */;
			targetProxy = E60DC347215EAA5B00D8C64B /* PBXContainerItemProxy */;
		};
/* End PBXTargetDependency section */

/* Begin PBXVariantGroup section */
		E60DC32E215EAA5A00D8C64B /* Main.storyboard */ = {
			isa = PBXVariantGroup;
			children = (
				E60DC32F215EAA5A00D8C64B /* Base */,
			);
			name = Main.storyboard;
			sourceTree = "<group>";
		};
		E60DC333215EAA5A00D8C64B /* LaunchScreen.storyboard */ = {
			isa = PBXVariantGroup;
			children = (
				E60DC334215EAA5A00D8C64B /* Base */,
			);
			name = LaunchScreen.storyboard;
			sourceTree = "<group>";
		};
/* End PBXVariantGroup section */

/* Begin XCBuildConfiguration section */
		E60DC34D215EAA5B00D8C64B /* Debug */ = {
			isa = XCBuildConfiguration;
			buildSettings = {
				ALWAYS_SEARCH_USER_PATHS = NO;
				CLANG_ANALYZER_NONNULL = YES;
				CLANG_ANALYZER_NUMBER_OBJECT_CONVERSION = YES_AGGRESSIVE;
				CLANG_CXX_LANGUAGE_STANDARD = "gnu++14";
				CLANG_CXX_LIBRARY = "libc++";
				CLANG_ENABLE_MODULES = YES;
				CLANG_ENABLE_OBJC_ARC = YES;
				CLANG_ENABLE_OBJC_WEAK = YES;
				CLANG_WARN_BLOCK_CAPTURE_AUTORELEASING = YES;
				CLANG_WARN_BOOL_CONVERSION = YES;
				CLANG_WARN_COMMA = YES;
				CLANG_WARN_CONSTANT_CONVERSION = YES;
				CLANG_WARN_DEPRECATED_OBJC_IMPLEMENTATIONS = YES;
				CLANG_WARN_DIRECT_OBJC_ISA_USAGE = YES_ERROR;
				CLANG_WARN_DOCUMENTATION_COMMENTS = YES;
				CLANG_WARN_EMPTY_BODY = YES;
				CLANG_WARN_ENUM_CONVERSION = YES;
				CLANG_WARN_INFINITE_RECURSION = YES;
				CLANG_WARN_INT_CONVERSION = YES;
				CLANG_WARN_NON_LITERAL_NULL_CONVERSION = YES;
				CLANG_WARN_OBJC_IMPLICIT_RETAIN_SELF = YES;
				CLANG_WARN_OBJC_LITERAL_CONVERSION = YES;
				CLANG_WARN_OBJC_ROOT_CLASS = YES_ERROR;
				CLANG_WARN_RANGE_LOOP_ANALYSIS = YES;
				CLANG_WARN_STRICT_PROTOTYPES = YES;
				CLANG_WARN_SUSPICIOUS_MOVE = YES;
				CLANG_WARN_UNGUARDED_AVAILABILITY = YES_AGGRESSIVE;
				CLANG_WARN_UNREACHABLE_CODE = YES;
				CLANG_WARN__DUPLICATE_METHOD_MATCH = YES;
				CODE_SIGN_IDENTITY = "iPhone Developer";
				COPY_PHASE_STRIP = NO;
				DEBUG_INFORMATION_FORMAT = dwarf;
				ENABLE_STRICT_OBJC_MSGSEND = YES;
				ENABLE_TESTABILITY = YES;
				GCC_C_LANGUAGE_STANDARD = gnu11;
				GCC_DYNAMIC_NO_PIC = NO;
				GCC_NO_COMMON_BLOCKS = YES;
				GCC_OPTIMIZATION_LEVEL = 0;
				GCC_PREPROCESSOR_DEFINITIONS = (
					"DEBUG=1",
					"$(inherited)",
				);
				GCC_WARN_64_TO_32_BIT_CONVERSION = YES;
				GCC_WARN_ABOUT_RETURN_TYPE = YES_ERROR;
				GCC_WARN_UNDECLARED_SELECTOR = YES;
				GCC_WARN_UNINITIALIZED_AUTOS = YES_AGGRESSIVE;
				GCC_WARN_UNUSED_FUNCTION = YES;
				GCC_WARN_UNUSED_VARIABLE = YES;
				IPHONEOS_DEPLOYMENT_TARGET = 12.0;
				MTL_ENABLE_DEBUG_INFO = INCLUDE_SOURCE;
				MTL_FAST_MATH = YES;
				ONLY_ACTIVE_ARCH = YES;
				SDKROOT = iphoneos;
				SWIFT_ACTIVE_COMPILATION_CONDITIONS = DEBUG;
				SWIFT_OPTIMIZATION_LEVEL = "-Onone";
			};
			name = Debug;
		};
		E60DC34E215EAA5B00D8C64B /* Release */ = {
			isa = XCBuildConfiguration;
			buildSettings = {
				ALWAYS_SEARCH_USER_PATHS = NO;
				CLANG_ANALYZER_NONNULL = YES;
				CLANG_ANALYZER_NUMBER_OBJECT_CONVERSION = YES_AGGRESSIVE;
				CLANG_CXX_LANGUAGE_STANDARD = "gnu++14";
				CLANG_CXX_LIBRARY = "libc++";
				CLANG_ENABLE_MODULES = YES;
				CLANG_ENABLE_OBJC_ARC = YES;
				CLANG_ENABLE_OBJC_WEAK = YES;
				CLANG_WARN_BLOCK_CAPTURE_AUTORELEASING = YES;
				CLANG_WARN_BOOL_CONVERSION = YES;
				CLANG_WARN_COMMA = YES;
				CLANG_WARN_CONSTANT_CONVERSION = YES;
				CLANG_WARN_DEPRECATED_OBJC_IMPLEMENTATIONS = YES;
				CLANG_WARN_DIRECT_OBJC_ISA_USAGE = YES_ERROR;
				CLANG_WARN_DOCUMENTATION_COMMENTS = YES;
				CLANG_WARN_EMPTY_BODY = YES;
				CLANG_WARN_ENUM_CONVERSION = YES;
				CLANG_WARN_INFINITE_RECURSION = YES;
				CLANG_WARN_INT_CONVERSION = YES;
				CLANG_WARN_NON_LITERAL_NULL_CONVERSION = YES;
				CLANG_WARN_OBJC_IMPLICIT_RETAIN_SELF = YES;
				CLANG_WARN_OBJC_LITERAL_CONVERSION = YES;
				CLANG_WARN_OBJC_ROOT_CLASS = YES_ERROR;
				CLANG_WARN_RANGE_LOOP_ANALYSIS = YES;
				CLANG_WARN_STRICT_PROTOTYPES = YES;
				CLANG_WARN_SUSPICIOUS_MOVE = YES;
				CLANG_WARN_UNGUARDED_AVAILABILITY = YES_AGGRESSIVE;
				CLANG_WARN_UNREACHABLE_CODE = YES;
				CLANG_WARN__DUPLICATE_METHOD_MATCH = YES;
				CODE_SIGN_IDENTITY = "iPhone Developer";
				COPY_PHASE_STRIP = NO;
				DEBUG_INFORMATION_FORMAT = "dwarf-with-dsym";
				ENABLE_NS_ASSERTIONS = NO;
				ENABLE_STRICT_OBJC_MSGSEND = YES;
				GCC_C_LANGUAGE_STANDARD = gnu11;
				GCC_NO_COMMON_BLOCKS = YES;
				GCC_WARN_64_TO_32_BIT_CONVERSION = YES;
				GCC_WARN_ABOUT_RETURN_TYPE = YES_ERROR;
				GCC_WARN_UNDECLARED_SELECTOR = YES;
				GCC_WARN_UNINITIALIZED_AUTOS = YES_AGGRESSIVE;
				GCC_WARN_UNUSED_FUNCTION = YES;
				GCC_WARN_UNUSED_VARIABLE = YES;
				IPHONEOS_DEPLOYMENT_TARGET = 12.0;
				MTL_ENABLE_DEBUG_INFO = NO;
				MTL_FAST_MATH = YES;
				SDKROOT = iphoneos;
				SWIFT_COMPILATION_MODE = wholemodule;
				SWIFT_OPTIMIZATION_LEVEL = "-O";
				VALIDATE_PRODUCT = YES;
			};
			name = Release;
		};
		E60DC350215EAA5B00D8C64B /* Debug */ = {
			isa = XCBuildConfiguration;
			baseConfigurationReference = 630942F8B5023919341D226D /* Pods-tumbly.debug.xcconfig */;
			buildSettings = {
				ASSETCATALOG_COMPILER_APPICON_NAME = AppIcon;
				CODE_SIGN_STYLE = Automatic;
				DEVELOPMENT_TEAM = LZAFVSH738;
				INFOPLIST_FILE = tumbly/Info.plist;
				LD_RUNPATH_SEARCH_PATHS = (
					"$(inherited)",
					"@executable_path/Frameworks",
				);
				PRODUCT_BUNDLE_IDENTIFIER = com.izavia.ios.tumbly;
				PRODUCT_NAME = "$(TARGET_NAME)";
				SWIFT_VERSION = 4.2;
				TARGETED_DEVICE_FAMILY = "1,2";
			};
			name = Debug;
		};
		E60DC351215EAA5B00D8C64B /* Release */ = {
			isa = XCBuildConfiguration;
			baseConfigurationReference = 557BD26C15807CFFC3B64C7E /* Pods-tumbly.release.xcconfig */;
			buildSettings = {
				ASSETCATALOG_COMPILER_APPICON_NAME = AppIcon;
				CODE_SIGN_STYLE = Automatic;
				DEVELOPMENT_TEAM = LZAFVSH738;
				INFOPLIST_FILE = tumbly/Info.plist;
				LD_RUNPATH_SEARCH_PATHS = (
					"$(inherited)",
					"@executable_path/Frameworks",
				);
				PRODUCT_BUNDLE_IDENTIFIER = com.izavia.ios.tumbly;
				PRODUCT_NAME = "$(TARGET_NAME)";
				SWIFT_VERSION = 4.2;
				TARGETED_DEVICE_FAMILY = "1,2";
			};
			name = Release;
		};
		E60DC353215EAA5B00D8C64B /* Debug */ = {
			isa = XCBuildConfiguration;
			baseConfigurationReference = 7EA0531856E774C8EE7423B7 /* Pods-tumblyTests.debug.xcconfig */;
			buildSettings = {
				ALWAYS_EMBED_SWIFT_STANDARD_LIBRARIES = YES;
				BUNDLE_LOADER = "$(TEST_HOST)";
				CODE_SIGN_STYLE = Automatic;
				DEVELOPMENT_TEAM = LZAFVSH738;
				INFOPLIST_FILE = tumblyTests/Info.plist;
				LD_RUNPATH_SEARCH_PATHS = (
					"$(inherited)",
					"@executable_path/Frameworks",
					"@loader_path/Frameworks",
				);
				PRODUCT_BUNDLE_IDENTIFIER = com.izavia.ios.tumblyTests;
				PRODUCT_NAME = "$(TARGET_NAME)";
				SWIFT_VERSION = 4.2;
				TARGETED_DEVICE_FAMILY = "1,2";
				TEST_HOST = "$(BUILT_PRODUCTS_DIR)/tumbly.app/tumbly";
			};
			name = Debug;
		};
		E60DC354215EAA5B00D8C64B /* Release */ = {
			isa = XCBuildConfiguration;
			baseConfigurationReference = 199C20720251F6C0B1FE2E2B /* Pods-tumblyTests.release.xcconfig */;
			buildSettings = {
				ALWAYS_EMBED_SWIFT_STANDARD_LIBRARIES = YES;
				BUNDLE_LOADER = "$(TEST_HOST)";
				CODE_SIGN_STYLE = Automatic;
				DEVELOPMENT_TEAM = LZAFVSH738;
				INFOPLIST_FILE = tumblyTests/Info.plist;
				LD_RUNPATH_SEARCH_PATHS = (
					"$(inherited)",
					"@executable_path/Frameworks",
					"@loader_path/Frameworks",
				);
				PRODUCT_BUNDLE_IDENTIFIER = com.izavia.ios.tumblyTests;
				PRODUCT_NAME = "$(TARGET_NAME)";
				SWIFT_VERSION = 4.2;
				TARGETED_DEVICE_FAMILY = "1,2";
				TEST_HOST = "$(BUILT_PRODUCTS_DIR)/tumbly.app/tumbly";
			};
			name = Release;
		};
		E60DC356215EAA5B00D8C64B /* Debug */ = {
			isa = XCBuildConfiguration;
			baseConfigurationReference = A63B3587DF49866A962A057A /* Pods-tumblyUITests.debug.xcconfig */;
			buildSettings = {
				ALWAYS_EMBED_SWIFT_STANDARD_LIBRARIES = YES;
				CODE_SIGN_STYLE = Automatic;
				DEVELOPMENT_TEAM = LZAFVSH738;
				INFOPLIST_FILE = tumblyUITests/Info.plist;
				LD_RUNPATH_SEARCH_PATHS = (
					"$(inherited)",
					"@executable_path/Frameworks",
					"@loader_path/Frameworks",
				);
				PRODUCT_BUNDLE_IDENTIFIER = com.izavia.ios.tumblyUITests;
				PRODUCT_NAME = "$(TARGET_NAME)";
				SWIFT_VERSION = 4.2;
				TARGETED_DEVICE_FAMILY = "1,2";
				TEST_TARGET_NAME = tumbly;
			};
			name = Debug;
		};
		E60DC357215EAA5B00D8C64B /* Release */ = {
			isa = XCBuildConfiguration;
			baseConfigurationReference = 4D96C9B977A5044BA8B26A6A /* Pods-tumblyUITests.release.xcconfig */;
			buildSettings = {
				ALWAYS_EMBED_SWIFT_STANDARD_LIBRARIES = YES;
				CODE_SIGN_STYLE = Automatic;
				DEVELOPMENT_TEAM = LZAFVSH738;
				INFOPLIST_FILE = tumblyUITests/Info.plist;
				LD_RUNPATH_SEARCH_PATHS = (
					"$(inherited)",
					"@executable_path/Frameworks",
					"@loader_path/Frameworks",
				);
				PRODUCT_BUNDLE_IDENTIFIER = com.izavia.ios.tumblyUITests;
				PRODUCT_NAME = "$(TARGET_NAME)";
				SWIFT_VERSION = 4.2;
				TARGETED_DEVICE_FAMILY = "1,2";
				TEST_TARGET_NAME = tumbly;
			};
			name = Release;
		};
/* End XCBuildConfiguration section */

/* Begin XCConfigurationList section */
		E60DC322215EAA5A00D8C64B /* Build configuration list for PBXProject "tumbly" */ = {
			isa = XCConfigurationList;
			buildConfigurations = (
				E60DC34D215EAA5B00D8C64B /* Debug */,
				E60DC34E215EAA5B00D8C64B /* Release */,
			);
			defaultConfigurationIsVisible = 0;
			defaultConfigurationName = Release;
		};
		E60DC34F215EAA5B00D8C64B /* Build configuration list for PBXNativeTarget "tumbly" */ = {
			isa = XCConfigurationList;
			buildConfigurations = (
				E60DC350215EAA5B00D8C64B /* Debug */,
				E60DC351215EAA5B00D8C64B /* Release */,
			);
			defaultConfigurationIsVisible = 0;
			defaultConfigurationName = Release;
		};
		E60DC352215EAA5B00D8C64B /* Build configuration list for PBXNativeTarget "tumblyTests" */ = {
			isa = XCConfigurationList;
			buildConfigurations = (
				E60DC353215EAA5B00D8C64B /* Debug */,
				E60DC354215EAA5B00D8C64B /* Release */,
			);
			defaultConfigurationIsVisible = 0;
			defaultConfigurationName = Release;
		};
		E60DC355215EAA5B00D8C64B /* Build configuration list for PBXNativeTarget "tumblyUITests" */ = {
			isa = XCConfigurationList;
			buildConfigurations = (
				E60DC356215EAA5B00D8C64B /* Debug */,
				E60DC357215EAA5B00D8C64B /* Release */,
			);
			defaultConfigurationIsVisible = 0;
			defaultConfigurationName = Release;
		};
/* End XCConfigurationList section */
	};
	rootObject = E60DC31F215EAA5A00D8C64B /* Project object */;
}
